
Microsoft Visual Studio Solution File, Format Version 12.00
# Visual Studio Version 16
VisualStudioVersion = 16.0.30330.147
MinimumVisualStudioVersion = 10.0.40219.1
Project("{FAE04EC0-301F-11D3-BF4B-00C04F79EFBC}") = "BatteryIndicator", "BatteryIndicator\BatteryIndicator.csproj", "{0B5AA8D8-2001-4A6A-8FF8-6627AFC86B2B}"
EndProject
Global
	GlobalSection(SolutionConfigurationPlatforms) = preSolution
		Debug|Any CPU = Debug|Any CPU
		Release|Any CPU = Release|Any CPU
	EndGlobalSection
	GlobalSection(ProjectConfigurationPlatforms) = postSolution
		{0B5AA8D8-2001-4A6A-8FF8-6627AFC86B2B}.Debug|Any CPU.ActiveCfg = Debug|Any CPU
		{0B5AA8D8-2001-4A6A-8FF8-6627AFC86B2B}.Debug|Any CPU.Build.0 = Debug|Any CPU
		{0B5AA8D8-2001-4A6A-8FF8-6627AFC86B2B}.Release|Any CPU.ActiveCfg = Release|Any CPU
		{0B5AA8D8-2001-4A6A-8FF8-6627AFC86B2B}.Release|Any CPU.Build.0 = Release|Any CPU
	EndGlobalSection
	GlobalSection(SolutionProperties) = preSolution
		HideSolutionNode = FALSE
	EndGlobalSection
	GlobalSection(ExtensibilityGlobals) = postSolution
		SolutionGuid = {DEAF2B63-60F0-43D5-9297-24A4E7BE05F7}
	EndGlobalSection
EndGlobal
